
Microsoft Visual Studio Solution File, Format Version 12.00
# Visual Studio Version 17
VisualStudioVersion = 17.9.34701.34
MinimumVisualStudioVersion = 10.0.40219.1
Project("{FAE04EC0-301F-11D3-BF4B-00C04F79EFBC}") = "Ordersystem", "Ordersystem.csproj", "{AEC02EC8-2F5A-45B6-9FE0-1A009B60E943}"
EndProject
Global
	GlobalSection(SolutionConfigurationPlatforms) = preSolution
		Debug|Any CPU = Debug|Any CPU
		Release|Any CPU = Release|Any CPU
	EndGlobalSection
	GlobalSection(ProjectConfigurationPlatforms) = postSolution
		{AEC02EC8-2F5A-45B6-9FE0-1A009B60E943}.Debug|Any CPU.ActiveCfg = Debug|Any CPU
		{AEC02EC8-2F5A-45B6-9FE0-1A009B60E943}.Debug|Any CPU.Build.0 = Debug|Any CPU
		{AEC02EC8-2F5A-45B6-9FE0-1A009B60E943}.Release|Any CPU.ActiveCfg = Release|Any CPU
		{AEC02EC8-2F5A-45B6-9FE0-1A009B60E943}.Release|Any CPU.Build.0 = Release|Any CPU
	EndGlobalSection
	GlobalSection(SolutionProperties) = preSolution
		HideSolutionNode = FALSE
	EndGlobalSection
	GlobalSection(ExtensibilityGlobals) = postSolution
		SolutionGuid = {77C65A91-C11D-4CA9-814F-1D384F033095}
	EndGlobalSection
EndGlobal
